
Microsoft Visual Studio Solution File, Format Version 12.00
# Visual Studio Version 17
VisualStudioVersion = 17.5.33516.290
MinimumVisualStudioVersion = 10.0.40219.1
Project("{FAE04EC0-301F-11D3-BF4B-00C04F79EFBC}") = "2.7.6", "2.7.6\2.7.6.csproj", "{37C0075A-BF69-4B12-9EC8-833A10B9B159}"
EndProject
Global
	GlobalSection(SolutionConfigurationPlatforms) = preSolution
		Debug|Any CPU = Debug|Any CPU
		Release|Any CPU = Release|Any CPU
	EndGlobalSection
	GlobalSection(ProjectConfigurationPlatforms) = postSolution
		{37C0075A-BF69-4B12-9EC8-833A10B9B159}.Debug|Any CPU.ActiveCfg = Debug|Any CPU
		{37C0075A-BF69-4B12-9EC8-833A10B9B159}.Debug|Any CPU.Build.0 = Debug|Any CPU
		{37C0075A-BF69-4B12-9EC8-833A10B9B159}.Release|Any CPU.ActiveCfg = Release|Any CPU
		{37C0075A-BF69-4B12-9EC8-833A10B9B159}.Release|Any CPU.Build.0 = Release|Any CPU
	EndGlobalSection
	GlobalSection(SolutionProperties) = preSolution
		HideSolutionNode = FALSE
	EndGlobalSection
	GlobalSection(ExtensibilityGlobals) = postSolution
		SolutionGuid = {4C3131F4-A839-45E3-85DD-06340D9C2817}
	EndGlobalSection
EndGlobal
