
Microsoft Visual Studio Solution File, Format Version 12.00
# Visual Studio Version 17
VisualStudioVersion = 17.5.33516.290
MinimumVisualStudioVersion = 10.0.40219.1
Project("{FAE04EC0-301F-11D3-BF4B-00C04F79EFBC}") = "2.7.9", "2.7.9\2.7.9.csproj", "{8EF479B6-F812-4335-B41B-33BA31AC585F}"
EndProject
Global
	GlobalSection(SolutionConfigurationPlatforms) = preSolution
		Debug|Any CPU = Debug|Any CPU
		Release|Any CPU = Release|Any CPU
	EndGlobalSection
	GlobalSection(ProjectConfigurationPlatforms) = postSolution
		{8EF479B6-F812-4335-B41B-33BA31AC585F}.Debug|Any CPU.ActiveCfg = Debug|Any CPU
		{8EF479B6-F812-4335-B41B-33BA31AC585F}.Debug|Any CPU.Build.0 = Debug|Any CPU
		{8EF479B6-F812-4335-B41B-33BA31AC585F}.Release|Any CPU.ActiveCfg = Release|Any CPU
		{8EF479B6-F812-4335-B41B-33BA31AC585F}.Release|Any CPU.Build.0 = Release|Any CPU
	EndGlobalSection
	GlobalSection(SolutionProperties) = preSolution
		HideSolutionNode = FALSE
	EndGlobalSection
	GlobalSection(ExtensibilityGlobals) = postSolution
		SolutionGuid = {38EA3905-B297-4639-8A72-CF76922EE071}
	EndGlobalSection
EndGlobal
