
Microsoft Visual Studio Solution File, Format Version 12.00
# Visual Studio Version 17
VisualStudioVersion = 17.5.33516.290
MinimumVisualStudioVersion = 10.0.40219.1
Project("{FAE04EC0-301F-11D3-BF4B-00C04F79EFBC}") = "ThreeVariables", "ThreeVariables\ThreeVariables.csproj", "{11AFEB6E-4C86-4F10-BC65-90F72DBF1090}"
EndProject
Global
	GlobalSection(SolutionConfigurationPlatforms) = preSolution
		Debug|Any CPU = Debug|Any CPU
		Release|Any CPU = Release|Any CPU
	EndGlobalSection
	GlobalSection(ProjectConfigurationPlatforms) = postSolution
		{11AFEB6E-4C86-4F10-BC65-90F72DBF1090}.Debug|Any CPU.ActiveCfg = Debug|Any CPU
		{11AFEB6E-4C86-4F10-BC65-90F72DBF1090}.Debug|Any CPU.Build.0 = Debug|Any CPU
		{11AFEB6E-4C86-4F10-BC65-90F72DBF1090}.Release|Any CPU.ActiveCfg = Release|Any CPU
		{11AFEB6E-4C86-4F10-BC65-90F72DBF1090}.Release|Any CPU.Build.0 = Release|Any CPU
	EndGlobalSection
	GlobalSection(SolutionProperties) = preSolution
		HideSolutionNode = FALSE
	EndGlobalSection
	GlobalSection(ExtensibilityGlobals) = postSolution
		SolutionGuid = {74797AD7-E148-4D69-8EB5-7F128EF8EF7F}
	EndGlobalSection
EndGlobal
